
Microsoft Visual Studio Solution File, Format Version 12.00
# Visual Studio 15
VisualStudioVersion = 15.0.28307.539
MinimumVisualStudioVersion = 10.0.40219.1
Project("{FAE04EC0-301F-11D3-BF4B-00C04F79EFBC}") = "UTM_Exchange", "ExchangeWithUTM\UTM_Exchange.csproj", "{0C70746E-4CB0-4CF1-8C06-858F6B297892}"
EndProject
Global
	GlobalSection(SolutionConfigurationPlatforms) = preSolution
		Debug|Any CPU = Debug|Any CPU
		Release|Any CPU = Release|Any CPU
	EndGlobalSection
	GlobalSection(ProjectConfigurationPlatforms) = postSolution
		{0C70746E-4CB0-4CF1-8C06-858F6B297892}.Debug|Any CPU.ActiveCfg = Debug|Any CPU
		{0C70746E-4CB0-4CF1-8C06-858F6B297892}.Debug|Any CPU.Build.0 = Debug|Any CPU
		{0C70746E-4CB0-4CF1-8C06-858F6B297892}.Release|Any CPU.ActiveCfg = Release|Any CPU
		{0C70746E-4CB0-4CF1-8C06-858F6B297892}.Release|Any CPU.Build.0 = Release|Any CPU
	EndGlobalSection
	GlobalSection(SolutionProperties) = preSolution
		HideSolutionNode = FALSE
	EndGlobalSection
	GlobalSection(ExtensibilityGlobals) = postSolution
		SolutionGuid = {75237262-3FBD-4165-90B8-5632FDF37EA8}
	EndGlobalSection
EndGlobal
